
Microsoft Visual Studio Solution File, Format Version 12.00
# Visual Studio Version 17
VisualStudioVersion = 17.14.36705.20 d17.14
MinimumVisualStudioVersion = 10.0.40219.1
Project("{FAE04EC0-301F-11D3-BF4B-00C04F79EFBC}") = "ServiceWebICA6", "ServiceWebICA6.csproj", "{ED3E3870-04C8-4F7E-8D1A-183186D6CB9B}"
EndProject
Global
	GlobalSection(SolutionConfigurationPlatforms) = preSolution
		Debug|Any CPU = Debug|Any CPU
		Release|Any CPU = Release|Any CPU
	EndGlobalSection
	GlobalSection(ProjectConfigurationPlatforms) = postSolution
		{ED3E3870-04C8-4F7E-8D1A-183186D6CB9B}.Debug|Any CPU.ActiveCfg = Debug|Any CPU
		{ED3E3870-04C8-4F7E-8D1A-183186D6CB9B}.Debug|Any CPU.Build.0 = Debug|Any CPU
		{ED3E3870-04C8-4F7E-8D1A-183186D6CB9B}.Release|Any CPU.ActiveCfg = Release|Any CPU
		{ED3E3870-04C8-4F7E-8D1A-183186D6CB9B}.Release|Any CPU.Build.0 = Release|Any CPU
	EndGlobalSection
	GlobalSection(SolutionProperties) = preSolution
		HideSolutionNode = FALSE
	EndGlobalSection
	GlobalSection(ExtensibilityGlobals) = postSolution
		SolutionGuid = {A3C500BB-7397-418A-BC7F-B0711D0F8AC8}
	EndGlobalSection
EndGlobal
